
Microsoft Visual Studio Solution File, Format Version 12.00
# Visual Studio Version 17
VisualStudioVersion = 17.7.34003.232
MinimumVisualStudioVersion = 10.0.40219.1
Project("{FAE04EC0-301F-11D3-BF4B-00C04F79EFBC}") = "Day1GP", "Day1GP.csproj", "{A953FF2A-6511-4E9E-98DC-0CA69A836916}"
EndProject
Global
	GlobalSection(SolutionConfigurationPlatforms) = preSolution
		Debug|Any CPU = Debug|Any CPU
		Release|Any CPU = Release|Any CPU
	EndGlobalSection
	GlobalSection(ProjectConfigurationPlatforms) = postSolution
		{A953FF2A-6511-4E9E-98DC-0CA69A836916}.Debug|Any CPU.ActiveCfg = Debug|Any CPU
		{A953FF2A-6511-4E9E-98DC-0CA69A836916}.Debug|Any CPU.Build.0 = Debug|Any CPU
		{A953FF2A-6511-4E9E-98DC-0CA69A836916}.Release|Any CPU.ActiveCfg = Release|Any CPU
		{A953FF2A-6511-4E9E-98DC-0CA69A836916}.Release|Any CPU.Build.0 = Release|Any CPU
	EndGlobalSection
	GlobalSection(SolutionProperties) = preSolution
		HideSolutionNode = FALSE
	EndGlobalSection
	GlobalSection(ExtensibilityGlobals) = postSolution
		SolutionGuid = {386070EB-7145-44AD-9672-6870888615F9}
	EndGlobalSection
EndGlobal
